// !$*UTF8*$!
{
	archiveVersion = 1;
	classes = {
	};
	objectVersion = 46;
	objects = {

/* Begin PBXBuildFile section */
		746D59461AAF793300704A50 /* FaceppAPI.m in Sources */ = {isa = PBXBuildFile; fileRef = 746D592D1AAF793300704A50 /* FaceppAPI.m */; };
		746D59471AAF793300704A50 /* FaceppClient.m in Sources */ = {isa = PBXBuildFile; fileRef = 746D59301AAF793300704A50 /* FaceppClient.m */; };
		746D59481AAF793300704A50 /* FaceppDetection.m in Sources */ = {isa = PBXBuildFile; fileRef = 746D59321AAF793300704A50 /* FaceppDetection.m */; };
		746D59491AAF793300704A50 /* FaceppFaceset.m in Sources */ = {isa = PBXBuildFile; fileRef = 746D59341AAF793300704A50 /* FaceppFaceset.m */; };
		746D594A1AAF793300704A50 /* FaceppGroup.m in Sources */ = {isa = PBXBuildFile; fileRef = 746D59361AAF793300704A50 /* FaceppGroup.m */; };
		746D594B1AAF793300704A50 /* FaceppGrouping.m in Sources */ = {isa = PBXBuildFile; fileRef = 746D59381AAF793300704A50 /* FaceppGrouping.m */; };
		746D594C1AAF793300704A50 /* FaceppInfo.m in Sources */ = {isa = PBXBuildFile; fileRef = 746D593A1AAF793300704A50 /* FaceppInfo.m */; };
		746D594D1AAF793300704A50 /* FaceppPerson.m in Sources */ = {isa = PBXBuildFile; fileRef = 746D593C1AAF793300704A50 /* FaceppPerson.m */; };
		746D594E1AAF793300704A50 /* FaceppRecognition.m in Sources */ = {isa = PBXBuildFile; fileRef = 746D593E1AAF793300704A50 /* FaceppRecognition.m */; };
		746D594F1AAF793300704A50 /* FaceppTrainer.m in Sources */ = {isa = PBXBuildFile; fileRef = 746D59401AAF793300704A50 /* FaceppTrainer.m */; };
		746D59501AAF793300704A50 /* FaceppError.m in Sources */ = {isa = PBXBuildFile; fileRef = 746D59431AAF793300704A50 /* FaceppError.m */; };
		746D59511AAF793300704A50 /* FaceppResult.m in Sources */ = {isa = PBXBuildFile; fileRef = 746D59451AAF793300704A50 /* FaceppResult.m */; };
		746D59581AAFA69500704A50 /* MBProgressHUD.m in Sources */ = {isa = PBXBuildFile; fileRef = 746D59571AAFA69500704A50 /* MBProgressHUD.m */; };
		746D595C1AAFA8FB00704A50 /* AssetsLibrary.framework in Frameworks */ = {isa = PBXBuildFile; fileRef = 746D595B1AAFA8FB00704A50 /* AssetsLibrary.framework */; };
		748213E21AAE70FC00581CE6 /* main.m in Sources */ = {isa = PBXBuildFile; fileRef = 748213E11AAE70FC00581CE6 /* main.m */; };
		748213E51AAE70FC00581CE6 /* AppDelegate.m in Sources */ = {isa = PBXBuildFile; fileRef = 748213E41AAE70FC00581CE6 /* AppDelegate.m */; };
		748213E81AAE70FC00581CE6 /* ViewController.mm in Sources */ = {isa = PBXBuildFile; fileRef = 748213E71AAE70FC00581CE6 /* ViewController.mm */; };
		748213EB1AAE70FC00581CE6 /* Main.storyboard in Resources */ = {isa = PBXBuildFile; fileRef = 748213E91AAE70FC00581CE6 /* Main.storyboard */; };
		748213ED1AAE70FC00581CE6 /* Images.xcassets in Resources */ = {isa = PBXBuildFile; fileRef = 748213EC1AAE70FC00581CE6 /* Images.xcassets */; };
		748213F01AAE70FC00581CE6 /* LaunchScreen.xib in Resources */ = {isa = PBXBuildFile; fileRef = 748213EE1AAE70FC00581CE6 /* LaunchScreen.xib */; };
		748213FC1AAE70FC00581CE6 /* StarifyTests.m in Sources */ = {isa = PBXBuildFile; fileRef = 748213FB1AAE70FC00581CE6 /* StarifyTests.m */; };
		748BBB861AB54B69001C296E /* smileface.txt in Resources */ = {isa = PBXBuildFile; fileRef = 748BBB851AB54B69001C296E /* smileface.txt */; };
		748BBB881AB6558F001C296E /* opencv2.framework in Frameworks */ = {isa = PBXBuildFile; fileRef = 748BBB871AB6558F001C296E /* opencv2.framework */; };
/* End PBXBuildFile section */

/* Begin PBXContainerItemProxy section */
		748213F61AAE70FC00581CE6 /* PBXContainerItemProxy */ = {
			isa = PBXContainerItemProxy;
			containerPortal = 748213D41AAE70FC00581CE6 /* Project object */;
			proxyType = 1;
			remoteGlobalIDString = 748213DB1AAE70FC00581CE6;
			remoteInfo = Starify;
		};
/* End PBXContainerItemProxy section */

/* Begin PBXFileReference section */
		746D592C1AAF793300704A50 /* FaceppAPI.h */ = {isa = PBXFileReference; fileEncoding = 4; lastKnownFileType = sourcecode.c.h; path = FaceppAPI.h; sourceTree = "<group>"; };
		746D592D1AAF793300704A50 /* FaceppAPI.m */ = {isa = PBXFileReference; fileEncoding = 4; lastKnownFileType = sourcecode.c.objc; path = FaceppAPI.m; sourceTree = "<group>"; };
		746D592F1AAF793300704A50 /* FaceppClient.h */ = {isa = PBXFileReference; fileEncoding = 4; lastKnownFileType = sourcecode.c.h; path = FaceppClient.h; sourceTree = "<group>"; };
		746D59301AAF793300704A50 /* FaceppClient.m */ = {isa = PBXFileReference; fileEncoding = 4; lastKnownFileType = sourcecode.c.objc; path = FaceppClient.m; sourceTree = "<group>"; };
		746D59311AAF793300704A50 /* FaceppDetection.h */ = {isa = PBXFileReference; fileEncoding = 4; lastKnownFileType = sourcecode.c.h; path = FaceppDetection.h; sourceTree = "<group>"; };
		746D59321AAF793300704A50 /* FaceppDetection.m */ = {isa = PBXFileReference; fileEncoding = 4; lastKnownFileType = sourcecode.c.objc; path = FaceppDetection.m; sourceTree = "<group>"; };
		746D59331AAF793300704A50 /* FaceppFaceset.h */ = {isa = PBXFileReference; fileEncoding = 4; lastKnownFileType = sourcecode.c.h; path = FaceppFaceset.h; sourceTree = "<group>"; };
		746D59341AAF793300704A50 /* FaceppFaceset.m */ = {isa = PBXFileReference; fileEncoding = 4; lastKnownFileType = sourcecode.c.objc; path = FaceppFaceset.m; sourceTree = "<group>"; };
		746D59351AAF793300704A50 /* FaceppGroup.h */ = {isa = PBXFileReference; fileEncoding = 4; lastKnownFileType = sourcecode.c.h; path = FaceppGroup.h; sourceTree = "<group>"; };
		746D59361AAF793300704A50 /* FaceppGroup.m */ = {isa = PBXFileReference; fileEncoding = 4; lastKnownFileType = sourcecode.c.objc; path = FaceppGroup.m; sourceTree = "<group>"; };
		746D59371AAF793300704A50 /* FaceppGrouping.h */ = {isa = PBXFileReference; fileEncoding = 4; lastKnownFileType = sourcecode.c.h; path = FaceppGrouping.h; sourceTree = "<group>"; };
		746D59381AAF793300704A50 /* FaceppGrouping.m */ = {isa = PBXFileReference; fileEncoding = 4; lastKnownFileType = sourcecode.c.objc; path = FaceppGrouping.m; sourceTree = "<group>"; };
		746D59391AAF793300704A50 /* FaceppInfo.h */ = {isa = PBXFileReference; fileEncoding = 4; lastKnownFileType = sourcecode.c.h; path = FaceppInfo.h; sourceTree = "<group>"; };
		746D593A1AAF793300704A50 /* FaceppInfo.m */ = {isa = PBXFileReference; fileEncoding = 4; lastKnownFileType = sourcecode.c.objc; path = FaceppInfo.m; sourceTree = "<group>"; };
		746D593B1AAF793300704A50 /* FaceppPerson.h */ = {isa = PBXFileReference; fileEncoding = 4; lastKnownFileType = sourcecode.c.h; path = FaceppPerson.h; sourceTree = "<group>"; };
		746D593C1AAF793300704A50 /* FaceppPerson.m */ = {isa = PBXFileReference; fileEncoding = 4; lastKnownFileType = sourcecode.c.objc; path = FaceppPerson.m; sourceTree = "<group>"; };
		746D593D1AAF793300704A50 /* FaceppRecognition.h */ = {isa = PBXFileReference; fileEncoding = 4; lastKnownFileType = sourcecode.c.h; path = FaceppRecognition.h; sourceTree = "<group>"; };
		746D593E1AAF793300704A50 /* FaceppRecognition.m */ = {isa = PBXFileReference; fileEncoding = 4; lastKnownFileType = sourcecode.c.objc; path = FaceppRecognition.m; sourceTree = "<group>"; };
		746D593F1AAF793300704A50 /* FaceppTrainer.h */ = {isa = PBXFileReference; fileEncoding = 4; lastKnownFileType = sourcecode.c.h; path = FaceppTrainer.h; sourceTree = "<group>"; };
		746D59401AAF793300704A50 /* FaceppTrainer.m */ = {isa = PBXFileReference; fileEncoding = 4; lastKnownFileType = sourcecode.c.objc; path = FaceppTrainer.m; sourceTree = "<group>"; };
		746D59421AAF793300704A50 /* FaceppError.h */ = {isa = PBXFileReference; fileEncoding = 4; lastKnownFileType = sourcecode.c.h; path = FaceppError.h; sourceTree = "<group>"; };
		746D59431AAF793300704A50 /* FaceppError.m */ = {isa = PBXFileReference; fileEncoding = 4; lastKnownFileType = sourcecode.c.objc; path = FaceppError.m; sourceTree = "<group>"; };
		746D59441AAF793300704A50 /* FaceppResult.h */ = {isa = PBXFileReference; fileEncoding = 4; lastKnownFileType = sourcecode.c.h; path = FaceppResult.h; sourceTree = "<group>"; };
		746D59451AAF793300704A50 /* FaceppResult.m */ = {isa = PBXFileReference; fileEncoding = 4; lastKnownFileType = sourcecode.c.objc; path = FaceppResult.m; sourceTree = "<group>"; };
		746D59561AAFA69500704A50 /* MBProgressHUD.h */ = {isa = PBXFileReference; fileEncoding = 4; lastKnownFileType = sourcecode.c.h; path = MBProgressHUD.h; sourceTree = "<group>"; };
		746D59571AAFA69500704A50 /* MBProgressHUD.m */ = {isa = PBXFileReference; fileEncoding = 4; lastKnownFileType = sourcecode.c.objc; path = MBProgressHUD.m; sourceTree = "<group>"; };
		746D595B1AAFA8FB00704A50 /* AssetsLibrary.framework */ = {isa = PBXFileReference; lastKnownFileType = wrapper.framework; name = AssetsLibrary.framework; path = System/Library/Frameworks/AssetsLibrary.framework; sourceTree = SDKROOT; };
		748213DC1AAE70FC00581CE6 /* Starify.app */ = {isa = PBXFileReference; explicitFileType = wrapper.application; includeInIndex = 0; path = Starify.app; sourceTree = BUILT_PRODUCTS_DIR; };
		748213E01AAE70FC00581CE6 /* Info.plist */ = {isa = PBXFileReference; lastKnownFileType = text.plist.xml; path = Info.plist; sourceTree = "<group>"; };
		748213E11AAE70FC00581CE6 /* main.m */ = {isa = PBXFileReference; lastKnownFileType = sourcecode.c.objc; path = main.m; sourceTree = "<group>"; };
		748213E31AAE70FC00581CE6 /* AppDelegate.h */ = {isa = PBXFileReference; lastKnownFileType = sourcecode.c.h; path = AppDelegate.h; sourceTree = "<group>"; };
		748213E41AAE70FC00581CE6 /* AppDelegate.m */ = {isa = PBXFileReference; lastKnownFileType = sourcecode.c.objc; path = AppDelegate.m; sourceTree = "<group>"; };
		748213E61AAE70FC00581CE6 /* ViewController.h */ = {isa = PBXFileReference; lastKnownFileType = sourcecode.c.h; path = ViewController.h; sourceTree = "<group>"; };
		748213E71AAE70FC00581CE6 /* ViewController.mm */ = {isa = PBXFileReference; lastKnownFileType = sourcecode.cpp.objcpp; path = ViewController.mm; sourceTree = "<group>"; };
		748213EA1AAE70FC00581CE6 /* Base */ = {isa = PBXFileReference; lastKnownFileType = file.storyboard; name = Base; path = Base.lproj/Main.storyboard; sourceTree = "<group>"; };
		748213EC1AAE70FC00581CE6 /* Images.xcassets */ = {isa = PBXFileReference; lastKnownFileType = folder.assetcatalog; path = Images.xcassets; sourceTree = "<group>"; };
		748213EF1AAE70FC00581CE6 /* Base */ = {isa = PBXFileReference; lastKnownFileType = file.xib; name = Base; path = Base.lproj/LaunchScreen.xib; sourceTree = "<group>"; };
		748213F51AAE70FC00581CE6 /* StarifyTests.xctest */ = {isa = PBXFileReference; explicitFileType = wrapper.cfbundle; includeInIndex = 0; path = StarifyTests.xctest; sourceTree = BUILT_PRODUCTS_DIR; };
		748213FA1AAE70FC00581CE6 /* Info.plist */ = {isa = PBXFileReference; lastKnownFileType = text.plist.xml; path = Info.plist; sourceTree = "<group>"; };
		748213FB1AAE70FC00581CE6 /* StarifyTests.m */ = {isa = PBXFileReference; lastKnownFileType = sourcecode.c.objc; path = StarifyTests.m; sourceTree = "<group>"; };
		748BBB851AB54B69001C296E /* smileface.txt */ = {isa = PBXFileReference; fileEncoding = 4; lastKnownFileType = text; path = smileface.txt; sourceTree = "<group>"; };
		748BBB871AB6558F001C296E /* opencv2.framework */ = {isa = PBXFileReference; lastKnownFileType = wrapper.framework; path = opencv2.framework; sourceTree = "<group>"; };
/* End PBXFileReference section */

/* Begin PBXFrameworksBuildPhase section */
		748213D91AAE70FC00581CE6 /* Frameworks */ = {
			isa = PBXFrameworksBuildPhase;
			buildActionMask = 2147483647;
			files = (
				748BBB881AB6558F001C296E /* opencv2.framework in Frameworks */,
				746D595C1AAFA8FB00704A50 /* AssetsLibrary.framework in Frameworks */,
			);
			runOnlyForDeploymentPostprocessing = 0;
		};
		748213F21AAE70FC00581CE6 /* Frameworks */ = {
			isa = PBXFrameworksBuildPhase;
			buildActionMask = 2147483647;
			files = (
			);
			runOnlyForDeploymentPostprocessing = 0;
		};
/* End PBXFrameworksBuildPhase section */

/* Begin PBXGroup section */
		746D592B1AAF793300704A50 /* FaceppSDK_ARC */ = {
			isa = PBXGroup;
			children = (
				746D592C1AAF793300704A50 /* FaceppAPI.h */,
				746D592D1AAF793300704A50 /* FaceppAPI.m */,
				746D592E1AAF793300704A50 /* FaceppAPISource */,
				746D59411AAF793300704A50 /* FaceppResult */,
			);
			path = FaceppSDK_ARC;
			sourceTree = "<group>";
		};
		746D592E1AAF793300704A50 /* FaceppAPISource */ = {
			isa = PBXGroup;
			children = (
				746D592F1AAF793300704A50 /* FaceppClient.h */,
				746D59301AAF793300704A50 /* FaceppClient.m */,
				746D59311AAF793300704A50 /* FaceppDetection.h */,
				746D59321AAF793300704A50 /* FaceppDetection.m */,
				746D59331AAF793300704A50 /* FaceppFaceset.h */,
				746D59341AAF793300704A50 /* FaceppFaceset.m */,
				746D59351AAF793300704A50 /* FaceppGroup.h */,
				746D59361AAF793300704A50 /* FaceppGroup.m */,
				746D59371AAF793300704A50 /* FaceppGrouping.h */,
				746D59381AAF793300704A50 /* FaceppGrouping.m */,
				746D59391AAF793300704A50 /* FaceppInfo.h */,
				746D593A1AAF793300704A50 /* FaceppInfo.m */,
				746D593B1AAF793300704A50 /* FaceppPerson.h */,
				746D593C1AAF793300704A50 /* FaceppPerson.m */,
				746D593D1AAF793300704A50 /* FaceppRecognition.h */,
				746D593E1AAF793300704A50 /* FaceppRecognition.m */,
				746D593F1AAF793300704A50 /* FaceppTrainer.h */,
				746D59401AAF793300704A50 /* FaceppTrainer.m */,
			);
			path = FaceppAPISource;
			sourceTree = "<group>";
		};
		746D59411AAF793300704A50 /* FaceppResult */ = {
			isa = PBXGroup;
			children = (
				746D59421AAF793300704A50 /* FaceppError.h */,
				746D59431AAF793300704A50 /* FaceppError.m */,
				746D59441AAF793300704A50 /* FaceppResult.h */,
				746D59451AAF793300704A50 /* FaceppResult.m */,
			);
			path = FaceppResult;
			sourceTree = "<group>";
		};
		748213D31AAE70FC00581CE6 = {
			isa = PBXGroup;
			children = (
				748BBB841AB54B57001C296E /* ref */,
				746D595B1AAFA8FB00704A50 /* AssetsLibrary.framework */,
				748BBB871AB6558F001C296E /* opencv2.framework */,
				748213DE1AAE70FC00581CE6 /* Starify */,
				748213F81AAE70FC00581CE6 /* StarifyTests */,
				748213DD1AAE70FC00581CE6 /* Products */,
			);
			sourceTree = "<group>";
		};
		748213DD1AAE70FC00581CE6 /* Products */ = {
			isa = PBXGroup;
			children = (
				748213DC1AAE70FC00581CE6 /* Starify.app */,
				748213F51AAE70FC00581CE6 /* StarifyTests.xctest */,
			);
			name = Products;
			sourceTree = "<group>";
		};
		748213DE1AAE70FC00581CE6 /* Starify */ = {
			isa = PBXGroup;
			children = (
				746D59561AAFA69500704A50 /* MBProgressHUD.h */,
				746D59571AAFA69500704A50 /* MBProgressHUD.m */,
				748213E31AAE70FC00581CE6 /* AppDelegate.h */,
				748213E41AAE70FC00581CE6 /* AppDelegate.m */,
				748213E61AAE70FC00581CE6 /* ViewController.h */,
				748213E71AAE70FC00581CE6 /* ViewController.mm */,
				746D592B1AAF793300704A50 /* FaceppSDK_ARC */,
				748213E91AAE70FC00581CE6 /* Main.storyboard */,
				748213EC1AAE70FC00581CE6 /* Images.xcassets */,
				748213EE1AAE70FC00581CE6 /* LaunchScreen.xib */,
				748213DF1AAE70FC00581CE6 /* Supporting Files */,
			);
			path = Starify;
			sourceTree = "<group>";
		};
		748213DF1AAE70FC00581CE6 /* Supporting Files */ = {
			isa = PBXGroup;
			children = (
				748213E01AAE70FC00581CE6 /* Info.plist */,
				748213E11AAE70FC00581CE6 /* main.m */,
			);
			name = "Supporting Files";
			sourceTree = "<group>";
		};
		748213F81AAE70FC00581CE6 /* StarifyTests */ = {
			isa = PBXGroup;
			children = (
				748213FB1AAE70FC00581CE6 /* StarifyTests.m */,
				748213F91AAE70FC00581CE6 /* Supporting Files */,
			);
			path = StarifyTests;
			sourceTree = "<group>";
		};
		748213F91AAE70FC00581CE6 /* Supporting Files */ = {
			isa = PBXGroup;
			children = (
				748213FA1AAE70FC00581CE6 /* Info.plist */,
			);
			name = "Supporting Files";
			sourceTree = "<group>";
		};
		748BBB841AB54B57001C296E /* ref */ = {
			isa = PBXGroup;
			children = (
				748BBB851AB54B69001C296E /* smileface.txt */,
			);
			name = ref;
			sourceTree = "<group>";
		};
/* End PBXGroup section */

/* Begin PBXNativeTarget section */
		748213DB1AAE70FC00581CE6 /* Starify */ = {
			isa = PBXNativeTarget;
			buildConfigurationList = 748213FF1AAE70FC00581CE6 /* Build configuration list for PBXNativeTarget "Starify" */;
			buildPhases = (
				748213D81AAE70FC00581CE6 /* Sources */,
				748213D91AAE70FC00581CE6 /* Frameworks */,
				748213DA1AAE70FC00581CE6 /* Resources */,
			);
			buildRules = (
			);
			dependencies = (
			);
			name = Starify;
			productName = Starify;
			productReference = 748213DC1AAE70FC00581CE6 /* Starify.app */;
			productType = "com.apple.product-type.application";
		};
		748213F41AAE70FC00581CE6 /* StarifyTests */ = {
			isa = PBXNativeTarget;
			buildConfigurationList = 748214021AAE70FC00581CE6 /* Build configuration list for PBXNativeTarget "StarifyTests" */;
			buildPhases = (
				748213F11AAE70FC00581CE6 /* Sources */,
				748213F21AAE70FC00581CE6 /* Frameworks */,
				748213F31AAE70FC00581CE6 /* Resources */,
			);
			buildRules = (
			);
			dependencies = (
				748213F71AAE70FC00581CE6 /* PBXTargetDependency */,
			);
			name = StarifyTests;
			productName = StarifyTests;
			productReference = 748213F51AAE70FC00581CE6 /* StarifyTests.xctest */;
			productType = "com.apple.product-type.bundle.unit-test";
		};
/* End PBXNativeTarget section */

/* Begin PBXProject section */
		748213D41AAE70FC00581CE6 /* Project object */ = {
			isa = PBXProject;
			attributes = {
				LastUpgradeCheck = 0610;
				ORGANIZATIONNAME = ChaunceyLu;
				TargetAttributes = {
					748213DB1AAE70FC00581CE6 = {
						CreatedOnToolsVersion = 6.1.1;
					};
					748213F41AAE70FC00581CE6 = {
						CreatedOnToolsVersion = 6.1.1;
						TestTargetID = 748213DB1AAE70FC00581CE6;
					};
				};
			};
			buildConfigurationList = 748213D71AAE70FC00581CE6 /* Build configuration list for PBXProject "Starify" */;
			compatibilityVersion = "Xcode 3.2";
			developmentRegion = English;
			hasScannedForEncodings = 0;
			knownRegions = (
				en,
				Base,
			);
			mainGroup = 748213D31AAE70FC00581CE6;
			productRefGroup = 748213DD1AAE70FC00581CE6 /* Products */;
			projectDirPath = "";
			projectRoot = "";
			targets = (
				748213DB1AAE70FC00581CE6 /* Starify */,
				748213F41AAE70FC00581CE6 /* StarifyTests */,
			);
		};
/* End PBXProject section */

/* Begin PBXResourcesBuildPhase section */
		748213DA1AAE70FC00581CE6 /* Resources */ = {
			isa = PBXResourcesBuildPhase;
			buildActionMask = 2147483647;
			files = (
				748BBB861AB54B69001C296E /* smileface.txt in Resources */,
				748213EB1AAE70FC00581CE6 /* Main.storyboard in Resources */,
				748213F01AAE70FC00581CE6 /* LaunchScreen.xib in Resources */,
				748213ED1AAE70FC00581CE6 /* Images.xcassets in Resources */,
			);
			runOnlyForDeploymentPostprocessing = 0;
		};
		748213F31AAE70FC00581CE6 /* Resources */ = {
			isa = PBXResourcesBuildPhase;
			buildActionMask = 2147483647;
			files = (
			);
			runOnlyForDeploymentPostprocessing = 0;
		};
/* End PBXResourcesBuildPhase section */

/* Begin PBXSourcesBuildPhase section */
		748213D81AAE70FC00581CE6 /* Sources */ = {
			isa = PBXSourcesBuildPhase;
			buildActionMask = 2147483647;
			files = (
				746D59481AAF793300704A50 /* FaceppDetection.m in Sources */,
				746D594F1AAF793300704A50 /* FaceppTrainer.m in Sources */,
				746D59511AAF793300704A50 /* FaceppResult.m in Sources */,
				746D594D1AAF793300704A50 /* FaceppPerson.m in Sources */,
				748213E81AAE70FC00581CE6 /* ViewController.mm in Sources */,
				746D594C1AAF793300704A50 /* FaceppInfo.m in Sources */,
				746D59501AAF793300704A50 /* FaceppError.m in Sources */,
				746D59491AAF793300704A50 /* FaceppFaceset.m in Sources */,
				748213E51AAE70FC00581CE6 /* AppDelegate.m in Sources */,
				746D594A1AAF793300704A50 /* FaceppGroup.m in Sources */,
				746D59471AAF793300704A50 /* FaceppClient.m in Sources */,
				746D594B1AAF793300704A50 /* FaceppGrouping.m in Sources */,
				748213E21AAE70FC00581CE6 /* main.m in Sources */,
				746D594E1AAF793300704A50 /* FaceppRecognition.m in Sources */,
				746D59461AAF793300704A50 /* FaceppAPI.m in Sources */,
				746D59581AAFA69500704A50 /* MBProgressHUD.m in Sources */,
			);
			runOnlyForDeploymentPostprocessing = 0;
		};
		748213F11AAE70FC00581CE6 /* Sources */ = {
			isa = PBXSourcesBuildPhase;
			buildActionMask = 2147483647;
			files = (
				748213FC1AAE70FC00581CE6 /* StarifyTests.m in Sources */,
			);
			runOnlyForDeploymentPostprocessing = 0;
		};
/* End PBXSourcesBuildPhase section */

/* Begin PBXTargetDependency section */
		748213F71AAE70FC00581CE6 /* PBXTargetDependency */ = {
			isa = PBXTargetDependency;
			target = 748213DB1AAE70FC00581CE6 /* Starify */;
			targetProxy = 748213F61AAE70FC00581CE6 /* PBXContainerItemProxy */;
		};
/* End PBXTargetDependency section */

/* Begin PBXVariantGroup section */
		748213E91AAE70FC00581CE6 /* Main.storyboard */ = {
			isa = PBXVariantGroup;
			children = (
				748213EA1AAE70FC00581CE6 /* Base */,
			);
			name = Main.storyboard;
			sourceTree = "<group>";
		};
		748213EE1AAE70FC00581CE6 /* LaunchScreen.xib */ = {
			isa = PBXVariantGroup;
			children = (
				748213EF1AAE70FC00581CE6 /* Base */,
			);
			name = LaunchScreen.xib;
			sourceTree = "<group>";
		};
/* End PBXVariantGroup section */

/* Begin XCBuildConfiguration section */
		748213FD1AAE70FC00581CE6 /* Debug */ = {
			isa = XCBuildConfiguration;
			buildSettings = {
				ALWAYS_SEARCH_USER_PATHS = NO;
				CLANG_CXX_LANGUAGE_STANDARD = "gnu++0x";
				CLANG_CXX_LIBRARY = "libc++";
				CLANG_ENABLE_MODULES = YES;
				CLANG_ENABLE_OBJC_ARC = YES;
				CLANG_WARN_BOOL_CONVERSION = YES;
				CLANG_WARN_CONSTANT_CONVERSION = YES;
				CLANG_WARN_DIRECT_OBJC_ISA_USAGE = YES_ERROR;
				CLANG_WARN_EMPTY_BODY = YES;
				CLANG_WARN_ENUM_CONVERSION = YES;
				CLANG_WARN_INT_CONVERSION = YES;
				CLANG_WARN_OBJC_ROOT_CLASS = YES_ERROR;
				CLANG_WARN_UNREACHABLE_CODE = YES;
				CLANG_WARN__DUPLICATE_METHOD_MATCH = YES;
				"CODE_SIGN_IDENTITY[sdk=iphoneos*]" = "iPhone Developer";
				COPY_PHASE_STRIP = NO;
				ENABLE_STRICT_OBJC_MSGSEND = YES;
				GCC_C_LANGUAGE_STANDARD = gnu99;
				GCC_DYNAMIC_NO_PIC = NO;
				GCC_OPTIMIZATION_LEVEL = 0;
				GCC_PREPROCESSOR_DEFINITIONS = (
					"DEBUG=1",
					"$(inherited)",
				);
				GCC_SYMBOLS_PRIVATE_EXTERN = NO;
				GCC_WARN_64_TO_32_BIT_CONVERSION = YES;
				GCC_WARN_ABOUT_RETURN_TYPE = YES_ERROR;
				GCC_WARN_UNDECLARED_SELECTOR = YES;
				GCC_WARN_UNINITIALIZED_AUTOS = YES_AGGRESSIVE;
				GCC_WARN_UNUSED_FUNCTION = YES;
				GCC_WARN_UNUSED_VARIABLE = YES;
				IPHONEOS_DEPLOYMENT_TARGET = 8.1;
				MTL_ENABLE_DEBUG_INFO = YES;
				ONLY_ACTIVE_ARCH = YES;
				SDKROOT = iphoneos;
			};
			name = Debug;
		};
		748213FE1AAE70FC00581CE6 /* Release */ = {
			isa = XCBuildConfiguration;
			buildSettings = {
				ALWAYS_SEARCH_USER_PATHS = NO;
				CLANG_CXX_LANGUAGE_STANDARD = "gnu++0x";
				CLANG_CXX_LIBRARY = "libc++";
				CLANG_ENABLE_MODULES = YES;
				CLANG_ENABLE_OBJC_ARC = YES;
				CLANG_WARN_BOOL_CONVERSION = YES;
				CLANG_WARN_CONSTANT_CONVERSION = YES;
				CLANG_WARN_DIRECT_OBJC_ISA_USAGE = YES_ERROR;
				CLANG_WARN_EMPTY_BODY = YES;
				CLANG_WARN_ENUM_CONVERSION = YES;
				CLANG_WARN_INT_CONVERSION = YES;
				CLANG_WARN_OBJC_ROOT_CLASS = YES_ERROR;
				CLANG_WARN_UNREACHABLE_CODE = YES;
				CLANG_WARN__DUPLICATE_METHOD_MATCH = YES;
				"CODE_SIGN_IDENTITY[sdk=iphoneos*]" = "iPhone Developer";
				COPY_PHASE_STRIP = YES;
				ENABLE_NS_ASSERTIONS = NO;
				ENABLE_STRICT_OBJC_MSGSEND = YES;
				GCC_C_LANGUAGE_STANDARD = gnu99;
				GCC_WARN_64_TO_32_BIT_CONVERSION = YES;
				GCC_WARN_ABOUT_RETURN_TYPE = YES_ERROR;
				GCC_WARN_UNDECLARED_SELECTOR = YES;
				GCC_WARN_UNINITIALIZED_AUTOS = YES_AGGRESSIVE;
				GCC_WARN_UNUSED_FUNCTION = YES;
				GCC_WARN_UNUSED_VARIABLE = YES;
				IPHONEOS_DEPLOYMENT_TARGET = 8.1;
				MTL_ENABLE_DEBUG_INFO = NO;
				SDKROOT = iphoneos;
				VALIDATE_PRODUCT = YES;
			};
			name = Release;
		};
		748214001AAE70FC00581CE6 /* Debug */ = {
			isa = XCBuildConfiguration;
			buildSettings = {
				ASSETCATALOG_COMPILER_APPICON_NAME = AppIcon;
				FRAMEWORK_SEARCH_PATHS = (
					"$(inherited)",
					/Users/chaunceylu/Documents/iOS,
					development,
					/Users/chaunceylu/Documents/iOS,
					development,
					"/Users/zisting/Documents/软件",
					"/Users/chaunceylu/软件",
					"$(PROJECT_DIR)",
				);
				INFOPLIST_FILE = Starify/Info.plist;
				LD_RUNPATH_SEARCH_PATHS = "$(inherited) @executable_path/Frameworks";
				PRODUCT_NAME = "$(TARGET_NAME)";
			};
			name = Debug;
		};
		748214011AAE70FC00581CE6 /* Release */ = {
			isa = XCBuildConfiguration;
			buildSettings = {
				ASSETCATALOG_COMPILER_APPICON_NAME = AppIcon;
				FRAMEWORK_SEARCH_PATHS = (
					"$(inherited)",
					/Users/chaunceylu/Documents/iOS,
					development,
					/Users/chaunceylu/Documents/iOS,
					development,
					"/Users/zisting/Documents/软件",
					"/Users/chaunceylu/软件",
					"$(PROJECT_DIR)",
				);
				INFOPLIST_FILE = Starify/Info.plist;
				LD_RUNPATH_SEARCH_PATHS = "$(inherited) @executable_path/Frameworks";
				PRODUCT_NAME = "$(TARGET_NAME)";
			};
			name = Release;
		};
		748214031AAE70FC00581CE6 /* Debug */ = {
			isa = XCBuildConfiguration;
			buildSettings = {
				BUNDLE_LOADER = "$(TEST_HOST)";
				FRAMEWORK_SEARCH_PATHS = (
					"$(SDKROOT)/Developer/Library/Frameworks",
					"$(inherited)",
				);
				GCC_PREPROCESSOR_DEFINITIONS = (
					"DEBUG=1",
					"$(inherited)",
				);
				INFOPLIST_FILE = StarifyTests/Info.plist;
				LD_RUNPATH_SEARCH_PATHS = "$(inherited) @executable_path/Frameworks @loader_path/Frameworks";
				PRODUCT_NAME = "$(TARGET_NAME)";
				TEST_HOST = "$(BUILT_PRODUCTS_DIR)/Starify.app/Starify";
			};
			name = Debug;
		};
		748214041AAE70FC00581CE6 /* Release */ = {
			isa = XCBuildConfiguration;
			buildSettings = {
				BUNDLE_LOADER = "$(TEST_HOST)";
				FRAMEWORK_SEARCH_PATHS = (
					"$(SDKROOT)/Developer/Library/Frameworks",
					"$(inherited)",
				);
				INFOPLIST_FILE = StarifyTests/Info.plist;
				LD_RUNPATH_SEARCH_PATHS = "$(inherited) @executable_path/Frameworks @loader_path/Frameworks";
				PRODUCT_NAME = "$(TARGET_NAME)";
				TEST_HOST = "$(BUILT_PRODUCTS_DIR)/Starify.app/Starify";
			};
			name = Release;
		};
/* End XCBuildConfiguration section */

/* Begin XCConfigurationList section */
		748213D71AAE70FC00581CE6 /* Build configuration list for PBXProject "Starify" */ = {
			isa = XCConfigurationList;
			buildConfigurations = (
				748213FD1AAE70FC00581CE6 /* Debug */,
				748213FE1AAE70FC00581CE6 /* Release */,
			);
			defaultConfigurationIsVisible = 0;
			defaultConfigurationName = Release;
		};
		748213FF1AAE70FC00581CE6 /* Build configuration list for PBXNativeTarget "Starify" */ = {
			isa = XCConfigurationList;
			buildConfigurations = (
				748214001AAE70FC00581CE6 /* Debug */,
				748214011AAE70FC00581CE6 /* Release */,
			);
			defaultConfigurationIsVisible = 0;
			defaultConfigurationName = Release;
		};
		748214021AAE70FC00581CE6 /* Build configuration list for PBXNativeTarget "StarifyTests" */ = {
			isa = XCConfigurationList;
			buildConfigurations = (
				748214031AAE70FC00581CE6 /* Debug */,
				748214041AAE70FC00581CE6 /* Release */,
			);
			defaultConfigurationIsVisible = 0;
			defaultConfigurationName = Release;
		};
/* End XCConfigurationList section */
	};
	rootObject = 748213D41AAE70FC00581CE6 /* Project object */;
}
